
Microsoft Visual Studio Solution File, Format Version 10.00
# Visual Studio 2008
Project("{8BC9CEB8-8B4A-11D0-8D11-00A0C91BC942}") = "LibUtil", "libutil\LibUtil.vcproj", "{EF5CA3C6-BFBF-44EE-813C-C76DBE2E3ECC}"
EndProject
Project("{8BC9CEB8-8B4A-11D0-8D11-00A0C91BC942}") = "Json", "libjson\libjson-2008.vcproj", "{B84F7231-16CE-41D8-8C08-7B523FF4225B}"
EndProject
Project("{8BC9CEB8-8B4A-11D0-8D11-00A0C91BC942}") = "HttpEngine", "HttpEngine\HttpEngine-VS2008.vcproj", "{2280F746-5D1D-49B7-86F3-EB5DF46E21B5}"
EndProject
Global
	GlobalSection(SolutionConfigurationPlatforms) = preSolution
		DLL Debug|Win32 = DLL Debug|Win32
		DLL DebugMT|Win32 = DLL DebugMT|Win32
		DLL Release|Win32 = DLL Release|Win32
		DLL ReleaseMT|Win32 = DLL ReleaseMT|Win32
		LIB Debug|Win32 = LIB Debug|Win32
		LIB DebugMT|Win32 = LIB DebugMT|Win32
		LIB Release|Win32 = LIB Release|Win32
		LIB ReleaseMT|Win32 = LIB ReleaseMT|Win32
	EndGlobalSection
	GlobalSection(ProjectConfigurationPlatforms) = postSolution
		{EF5CA3C6-BFBF-44EE-813C-C76DBE2E3ECC}.DLL Debug|Win32.ActiveCfg = DLL Debug|Win32
		{EF5CA3C6-BFBF-44EE-813C-C76DBE2E3ECC}.DLL Debug|Win32.Build.0 = DLL Debug|Win32
		{EF5CA3C6-BFBF-44EE-813C-C76DBE2E3ECC}.DLL DebugMT|Win32.ActiveCfg = DLL DebugMT|Win32
		{EF5CA3C6-BFBF-44EE-813C-C76DBE2E3ECC}.DLL DebugMT|Win32.Build.0 = DLL DebugMT|Win32
		{EF5CA3C6-BFBF-44EE-813C-C76DBE2E3ECC}.DLL Release|Win32.ActiveCfg = DLL Release|Win32
		{EF5CA3C6-BFBF-44EE-813C-C76DBE2E3ECC}.DLL Release|Win32.Build.0 = DLL Release|Win32
		{EF5CA3C6-BFBF-44EE-813C-C76DBE2E3ECC}.DLL ReleaseMT|Win32.ActiveCfg = DLL ReleaseMT|Win32
		{EF5CA3C6-BFBF-44EE-813C-C76DBE2E3ECC}.DLL ReleaseMT|Win32.Build.0 = DLL ReleaseMT|Win32
		{EF5CA3C6-BFBF-44EE-813C-C76DBE2E3ECC}.LIB Debug|Win32.ActiveCfg = LIB Debug|Win32
		{EF5CA3C6-BFBF-44EE-813C-C76DBE2E3ECC}.LIB Debug|Win32.Build.0 = LIB Debug|Win32
		{EF5CA3C6-BFBF-44EE-813C-C76DBE2E3ECC}.LIB DebugMT|Win32.ActiveCfg = LIB DebugMT|Win32
		{EF5CA3C6-BFBF-44EE-813C-C76DBE2E3ECC}.LIB DebugMT|Win32.Build.0 = LIB DebugMT|Win32
		{EF5CA3C6-BFBF-44EE-813C-C76DBE2E3ECC}.LIB Release|Win32.ActiveCfg = LIB Release|Win32
		{EF5CA3C6-BFBF-44EE-813C-C76DBE2E3ECC}.LIB Release|Win32.Build.0 = LIB Release|Win32
		{EF5CA3C6-BFBF-44EE-813C-C76DBE2E3ECC}.LIB ReleaseMT|Win32.ActiveCfg = LIB ReleaseMT|Win32
		{EF5CA3C6-BFBF-44EE-813C-C76DBE2E3ECC}.LIB ReleaseMT|Win32.Build.0 = LIB ReleaseMT|Win32
		{B84F7231-16CE-41D8-8C08-7B523FF4225B}.DLL Debug|Win32.ActiveCfg = DLL Debug|Win32
		{B84F7231-16CE-41D8-8C08-7B523FF4225B}.DLL Debug|Win32.Build.0 = DLL Debug|Win32
		{B84F7231-16CE-41D8-8C08-7B523FF4225B}.DLL DebugMT|Win32.ActiveCfg = DLL DebugMT|Win32
		{B84F7231-16CE-41D8-8C08-7B523FF4225B}.DLL DebugMT|Win32.Build.0 = DLL DebugMT|Win32
		{B84F7231-16CE-41D8-8C08-7B523FF4225B}.DLL Release|Win32.ActiveCfg = DLL Release|Win32
		{B84F7231-16CE-41D8-8C08-7B523FF4225B}.DLL Release|Win32.Build.0 = DLL Release|Win32
		{B84F7231-16CE-41D8-8C08-7B523FF4225B}.DLL ReleaseMT|Win32.ActiveCfg = DLL ReleaseMT|Win32
		{B84F7231-16CE-41D8-8C08-7B523FF4225B}.DLL ReleaseMT|Win32.Build.0 = DLL ReleaseMT|Win32
		{B84F7231-16CE-41D8-8C08-7B523FF4225B}.LIB Debug|Win32.ActiveCfg = LIB Debug|Win32
		{B84F7231-16CE-41D8-8C08-7B523FF4225B}.LIB Debug|Win32.Build.0 = LIB Debug|Win32
		{B84F7231-16CE-41D8-8C08-7B523FF4225B}.LIB DebugMT|Win32.ActiveCfg = LIB DebugMT|Win32
		{B84F7231-16CE-41D8-8C08-7B523FF4225B}.LIB DebugMT|Win32.Build.0 = LIB DebugMT|Win32
		{B84F7231-16CE-41D8-8C08-7B523FF4225B}.LIB Release|Win32.ActiveCfg = LIB Release|Win32
		{B84F7231-16CE-41D8-8C08-7B523FF4225B}.LIB Release|Win32.Build.0 = LIB Release|Win32
		{B84F7231-16CE-41D8-8C08-7B523FF4225B}.LIB ReleaseMT|Win32.ActiveCfg = LIB ReleaseMT|Win32
		{B84F7231-16CE-41D8-8C08-7B523FF4225B}.LIB ReleaseMT|Win32.Build.0 = LIB ReleaseMT|Win32
		{2280F746-5D1D-49B7-86F3-EB5DF46E21B5}.DLL Debug|Win32.ActiveCfg = DLL Debug|Win32
		{2280F746-5D1D-49B7-86F3-EB5DF46E21B5}.DLL Debug|Win32.Build.0 = DLL Debug|Win32
		{2280F746-5D1D-49B7-86F3-EB5DF46E21B5}.DLL DebugMT|Win32.ActiveCfg = DLL Debug|Win32
		{2280F746-5D1D-49B7-86F3-EB5DF46E21B5}.DLL DebugMT|Win32.Build.0 = DLL Debug|Win32
		{2280F746-5D1D-49B7-86F3-EB5DF46E21B5}.DLL Release|Win32.ActiveCfg = DLL Release|Win32
		{2280F746-5D1D-49B7-86F3-EB5DF46E21B5}.DLL Release|Win32.Build.0 = DLL Release|Win32
		{2280F746-5D1D-49B7-86F3-EB5DF46E21B5}.DLL ReleaseMT|Win32.ActiveCfg = DLL Release|Win32
		{2280F746-5D1D-49B7-86F3-EB5DF46E21B5}.DLL ReleaseMT|Win32.Build.0 = DLL Release|Win32
		{2280F746-5D1D-49B7-86F3-EB5DF46E21B5}.LIB Debug|Win32.ActiveCfg = LIB Debug|Win32
		{2280F746-5D1D-49B7-86F3-EB5DF46E21B5}.LIB Debug|Win32.Build.0 = LIB Debug|Win32
		{2280F746-5D1D-49B7-86F3-EB5DF46E21B5}.LIB DebugMT|Win32.ActiveCfg = LIB Debug|Win32
		{2280F746-5D1D-49B7-86F3-EB5DF46E21B5}.LIB DebugMT|Win32.Build.0 = LIB Debug|Win32
		{2280F746-5D1D-49B7-86F3-EB5DF46E21B5}.LIB Release|Win32.ActiveCfg = LIB Release|Win32
		{2280F746-5D1D-49B7-86F3-EB5DF46E21B5}.LIB Release|Win32.Build.0 = LIB Release|Win32
		{2280F746-5D1D-49B7-86F3-EB5DF46E21B5}.LIB ReleaseMT|Win32.ActiveCfg = LIB Release|Win32
		{2280F746-5D1D-49B7-86F3-EB5DF46E21B5}.LIB ReleaseMT|Win32.Build.0 = LIB Release|Win32
	EndGlobalSection
	GlobalSection(SolutionProperties) = preSolution
		HideSolutionNode = FALSE
	EndGlobalSection
EndGlobal
